{
  "name": "wow-server-deployment-verification",
  "version": "1.0.0",
  "lockfileVersion": 3,
  "requires": true,
  "packages": {
    "": {
      "name": "wow-server-deployment-verification",
      "version": "1.0.0",
      "license": "ISC",
      "dependencies": {
        "@timelostprototype/wow-client": "^0.0.6"
      }
    },
    "node_modules/@timelostprototype/wow-client": {
      "version": "0.0.6",
      "resolved": "https://registry.npmjs.org/@timelostprototype/wow-client/-/wow-client-0.0.6.tgz",
      "integrity": "sha512-ELCN7Tb2xYWdSBV+4NCqlohykC49atzgr6UJNRrBu15IaSDOLWZr0xtamE1S+4GtTcdLZdhrmZTTOqtmXdiKbw=="
    }
  }
}
